
Microsoft Visual Studio Solution File, Format Version 12.00
# Visual Studio 14
VisualStudioVersion = 14.0.25123.0
MinimumVisualStudioVersion = 10.0.40219.1
Project("{FAE04EC0-301F-11D3-BF4B-00C04F79EFBC}") = "ClassLibrary1", "ClassLibrary1\ClassLibrary1.csproj", "{9F26FAE4-ADE7-4374-8FE3-B227E163E4BB}"
EndProject
Project("{FAE04EC0-301F-11D3-BF4B-00C04F79EFBC}") = "ConsoleApplication1", "ConsoleApplication1\ConsoleApplication1.csproj", "{4E84D988-7B8B-4DD7-9118-06A8AAAF02CF}"
EndProject
Project("{2150E333-8FDC-42A3-9474-1A3956D46DE8}") = "MyCar", "MyCar", "{1F284558-9683-48FC-B245-F001D84FAAEB}"
EndProject
Project("{FAE04EC0-301F-11D3-BF4B-00C04F79EFBC}") = "CarCollection", "CarCollection\CarCollection.csproj", "{F189C9C4-56F4-4BA8-8A85-E3662964B9B3}"
EndProject
Project("{2150E333-8FDC-42A3-9474-1A3956D46DE8}") = "CoupleOfNumbers", "CoupleOfNumbers", "{A9A0BF72-FD70-4DAA-9684-348F1938EC21}"
EndProject
Project("{FAE04EC0-301F-11D3-BF4B-00C04F79EFBC}") = "Couple", "Couple\Couple.csproj", "{C3369D80-3E62-46A9-BD38-D6C4247D5143}"
EndProject
Project("{2150E333-8FDC-42A3-9474-1A3956D46DE8}") = "Polindrom", "Polindrom", "{B4782ABA-DA3E-487E-940E-04D9B97F521B}"
EndProject
Project("{FAE04EC0-301F-11D3-BF4B-00C04F79EFBC}") = "Polindrom", "Polindrom\Polindrom.csproj", "{E83787C7-9CFB-4D09-A7F4-63E4220864FC}"
EndProject
Project("{2150E333-8FDC-42A3-9474-1A3956D46DE8}") = "FizBaz", "FizBaz", "{A6DDA7CC-3E48-4BC5-94C5-96EFC95EA6E3}"
EndProject
Project("{FAE04EC0-301F-11D3-BF4B-00C04F79EFBC}") = "ConsoleApplication2", "ConsoleApplication2\ConsoleApplication2.csproj", "{B6B440F3-B940-49EC-8A13-D578EE39929B}"
EndProject
Project("{2150E333-8FDC-42A3-9474-1A3956D46DE8}") = "FindSubString", "FindSubString", "{B1FD012B-324D-4E33-B63C-42DB634A0479}"
EndProject
Project("{FAE04EC0-301F-11D3-BF4B-00C04F79EFBC}") = "FindSubStr", "FindSubStr\FindSubStr.csproj", "{817B9051-E894-46BB-B885-D97538A54B8D}"
EndProject
Project("{2150E333-8FDC-42A3-9474-1A3956D46DE8}") = "Morze", "Morze", "{251D53EF-AF9B-4B6F-B183-572B82494EC1}"
EndProject
Project("{FAE04EC0-301F-11D3-BF4B-00C04F79EFBC}") = "MorzeSound", "MorzeSound\MorzeSound.csproj", "{1F7FFCBD-9E32-4713-AD82-BF6407519580}"
EndProject
Global
	GlobalSection(SolutionConfigurationPlatforms) = preSolution
		Debug|Any CPU = Debug|Any CPU
		Release|Any CPU = Release|Any CPU
	EndGlobalSection
	GlobalSection(ProjectConfigurationPlatforms) = postSolution
		{9F26FAE4-ADE7-4374-8FE3-B227E163E4BB}.Debug|Any CPU.ActiveCfg = Debug|Any CPU
		{9F26FAE4-ADE7-4374-8FE3-B227E163E4BB}.Debug|Any CPU.Build.0 = Debug|Any CPU
		{9F26FAE4-ADE7-4374-8FE3-B227E163E4BB}.Release|Any CPU.ActiveCfg = Release|Any CPU
		{9F26FAE4-ADE7-4374-8FE3-B227E163E4BB}.Release|Any CPU.Build.0 = Release|Any CPU
		{4E84D988-7B8B-4DD7-9118-06A8AAAF02CF}.Debug|Any CPU.ActiveCfg = Debug|Any CPU
		{4E84D988-7B8B-4DD7-9118-06A8AAAF02CF}.Debug|Any CPU.Build.0 = Debug|Any CPU
		{4E84D988-7B8B-4DD7-9118-06A8AAAF02CF}.Release|Any CPU.ActiveCfg = Release|Any CPU
		{4E84D988-7B8B-4DD7-9118-06A8AAAF02CF}.Release|Any CPU.Build.0 = Release|Any CPU
		{F189C9C4-56F4-4BA8-8A85-E3662964B9B3}.Debug|Any CPU.ActiveCfg = Debug|Any CPU
		{F189C9C4-56F4-4BA8-8A85-E3662964B9B3}.Debug|Any CPU.Build.0 = Debug|Any CPU
		{F189C9C4-56F4-4BA8-8A85-E3662964B9B3}.Release|Any CPU.ActiveCfg = Release|Any CPU
		{F189C9C4-56F4-4BA8-8A85-E3662964B9B3}.Release|Any CPU.Build.0 = Release|Any CPU
		{C3369D80-3E62-46A9-BD38-D6C4247D5143}.Debug|Any CPU.ActiveCfg = Debug|Any CPU
		{C3369D80-3E62-46A9-BD38-D6C4247D5143}.Debug|Any CPU.Build.0 = Debug|Any CPU
		{C3369D80-3E62-46A9-BD38-D6C4247D5143}.Release|Any CPU.ActiveCfg = Release|Any CPU
		{C3369D80-3E62-46A9-BD38-D6C4247D5143}.Release|Any CPU.Build.0 = Release|Any CPU
		{E83787C7-9CFB-4D09-A7F4-63E4220864FC}.Debug|Any CPU.ActiveCfg = Debug|Any CPU
		{E83787C7-9CFB-4D09-A7F4-63E4220864FC}.Debug|Any CPU.Build.0 = Debug|Any CPU
		{E83787C7-9CFB-4D09-A7F4-63E4220864FC}.Release|Any CPU.ActiveCfg = Release|Any CPU
		{E83787C7-9CFB-4D09-A7F4-63E4220864FC}.Release|Any CPU.Build.0 = Release|Any CPU
		{B6B440F3-B940-49EC-8A13-D578EE39929B}.Debug|Any CPU.ActiveCfg = Debug|Any CPU
		{B6B440F3-B940-49EC-8A13-D578EE39929B}.Debug|Any CPU.Build.0 = Debug|Any CPU
		{B6B440F3-B940-49EC-8A13-D578EE39929B}.Release|Any CPU.ActiveCfg = Release|Any CPU
		{B6B440F3-B940-49EC-8A13-D578EE39929B}.Release|Any CPU.Build.0 = Release|Any CPU
		{817B9051-E894-46BB-B885-D97538A54B8D}.Debug|Any CPU.ActiveCfg = Debug|Any CPU
		{817B9051-E894-46BB-B885-D97538A54B8D}.Debug|Any CPU.Build.0 = Debug|Any CPU
		{817B9051-E894-46BB-B885-D97538A54B8D}.Release|Any CPU.ActiveCfg = Release|Any CPU
		{817B9051-E894-46BB-B885-D97538A54B8D}.Release|Any CPU.Build.0 = Release|Any CPU
		{1F7FFCBD-9E32-4713-AD82-BF6407519580}.Debug|Any CPU.ActiveCfg = Debug|Any CPU
		{1F7FFCBD-9E32-4713-AD82-BF6407519580}.Debug|Any CPU.Build.0 = Debug|Any CPU
		{1F7FFCBD-9E32-4713-AD82-BF6407519580}.Release|Any CPU.ActiveCfg = Release|Any CPU
		{1F7FFCBD-9E32-4713-AD82-BF6407519580}.Release|Any CPU.Build.0 = Release|Any CPU
	EndGlobalSection
	GlobalSection(SolutionProperties) = preSolution
		HideSolutionNode = FALSE
	EndGlobalSection
	GlobalSection(NestedProjects) = preSolution
		{F189C9C4-56F4-4BA8-8A85-E3662964B9B3} = {1F284558-9683-48FC-B245-F001D84FAAEB}
		{C3369D80-3E62-46A9-BD38-D6C4247D5143} = {A9A0BF72-FD70-4DAA-9684-348F1938EC21}
		{E83787C7-9CFB-4D09-A7F4-63E4220864FC} = {B4782ABA-DA3E-487E-940E-04D9B97F521B}
		{B6B440F3-B940-49EC-8A13-D578EE39929B} = {A6DDA7CC-3E48-4BC5-94C5-96EFC95EA6E3}
		{817B9051-E894-46BB-B885-D97538A54B8D} = {B1FD012B-324D-4E33-B63C-42DB634A0479}
		{1F7FFCBD-9E32-4713-AD82-BF6407519580} = {251D53EF-AF9B-4B6F-B183-572B82494EC1}
	EndGlobalSection
EndGlobal
