
Microsoft Visual Studio Solution File, Format Version 12.00
# Visual Studio 14
VisualStudioVersion = 14.0.25420.1
MinimumVisualStudioVersion = 10.0.40219.1
Project("{FAE04EC0-301F-11D3-BF4B-00C04F79EFBC}") = "02-SimpleEntityFrameWork", "02-SimpleEntityFrameWork\02-SimpleEntityFrameWork.csproj", "{DA5683EB-BC19-41BE-A3E0-C7169AB7A185}"
EndProject
Project("{2150E333-8FDC-42A3-9474-1A3956D46DE8}") = "Lab", "Lab", "{89DACEC9-E9E9-405B-AA8E-9A11ADEC2E83}"
EndProject
Project("{FAE04EC0-301F-11D3-BF4B-00C04F79EFBC}") = "01-Serializable", "01-Serializable\01-Serializable.csproj", "{20892AB4-F7D0-44FF-ADA6-913A9A2C6BCC}"
EndProject
Project("{FAE04EC0-301F-11D3-BF4B-00C04F79EFBC}") = "02-SimpleADO", "02-SimpleADO\02-SimpleADO.csproj", "{188B368C-BD8E-41C2-A3EA-82A9BB828007}"
EndProject
Project("{FAE04EC0-301F-11D3-BF4B-00C04F79EFBC}") = "03-TransactionApp", "03-TransactionApp\03-TransactionApp.csproj", "{6CFBDE01-F2B4-4B18-A08D-B6B470D7D80A}"
EndProject
Global
	GlobalSection(SolutionConfigurationPlatforms) = preSolution
		Debug|Any CPU = Debug|Any CPU
		Release|Any CPU = Release|Any CPU
	EndGlobalSection
	GlobalSection(ProjectConfigurationPlatforms) = postSolution
		{DA5683EB-BC19-41BE-A3E0-C7169AB7A185}.Debug|Any CPU.ActiveCfg = Debug|Any CPU
		{DA5683EB-BC19-41BE-A3E0-C7169AB7A185}.Debug|Any CPU.Build.0 = Debug|Any CPU
		{DA5683EB-BC19-41BE-A3E0-C7169AB7A185}.Release|Any CPU.ActiveCfg = Release|Any CPU
		{DA5683EB-BC19-41BE-A3E0-C7169AB7A185}.Release|Any CPU.Build.0 = Release|Any CPU
		{20892AB4-F7D0-44FF-ADA6-913A9A2C6BCC}.Debug|Any CPU.ActiveCfg = Debug|Any CPU
		{20892AB4-F7D0-44FF-ADA6-913A9A2C6BCC}.Debug|Any CPU.Build.0 = Debug|Any CPU
		{20892AB4-F7D0-44FF-ADA6-913A9A2C6BCC}.Release|Any CPU.ActiveCfg = Release|Any CPU
		{20892AB4-F7D0-44FF-ADA6-913A9A2C6BCC}.Release|Any CPU.Build.0 = Release|Any CPU
		{188B368C-BD8E-41C2-A3EA-82A9BB828007}.Debug|Any CPU.ActiveCfg = Debug|Any CPU
		{188B368C-BD8E-41C2-A3EA-82A9BB828007}.Debug|Any CPU.Build.0 = Debug|Any CPU
		{188B368C-BD8E-41C2-A3EA-82A9BB828007}.Release|Any CPU.ActiveCfg = Release|Any CPU
		{188B368C-BD8E-41C2-A3EA-82A9BB828007}.Release|Any CPU.Build.0 = Release|Any CPU
		{6CFBDE01-F2B4-4B18-A08D-B6B470D7D80A}.Debug|Any CPU.ActiveCfg = Debug|Any CPU
		{6CFBDE01-F2B4-4B18-A08D-B6B470D7D80A}.Debug|Any CPU.Build.0 = Debug|Any CPU
		{6CFBDE01-F2B4-4B18-A08D-B6B470D7D80A}.Release|Any CPU.ActiveCfg = Release|Any CPU
		{6CFBDE01-F2B4-4B18-A08D-B6B470D7D80A}.Release|Any CPU.Build.0 = Release|Any CPU
	EndGlobalSection
	GlobalSection(SolutionProperties) = preSolution
		HideSolutionNode = FALSE
	EndGlobalSection
	GlobalSection(NestedProjects) = preSolution
		{20892AB4-F7D0-44FF-ADA6-913A9A2C6BCC} = {89DACEC9-E9E9-405B-AA8E-9A11ADEC2E83}
		{188B368C-BD8E-41C2-A3EA-82A9BB828007} = {89DACEC9-E9E9-405B-AA8E-9A11ADEC2E83}
	EndGlobalSection
EndGlobal
